
Microsoft Visual Studio Solution File, Format Version 12.00
# Visual Studio Version 17
VisualStudioVersion = 17.5.33516.290
MinimumVisualStudioVersion = 10.0.40219.1
Project("{9A19103F-16F7-4668-BE54-9A1E7A4F7556}") = "ConsoleMenu", "ConsoleMenu.csproj", "{BD58F999-F170-4497-8C3D-BE2763F3ED55}"
EndProject
Project("{FAE04EC0-301F-11D3-BF4B-00C04F79EFBC}") = "Repository", "Repository\Repository.csproj", "{A998A4A3-0EE8-4F67-8C84-80836129889E}"
	ProjectSection(ProjectDependencies) = postProject
		{BD58F999-F170-4497-8C3D-BE2763F3ED55} = {BD58F999-F170-4497-8C3D-BE2763F3ED55}
	EndProjectSection
EndProject
Global
	GlobalSection(SolutionConfigurationPlatforms) = preSolution
		Debug|Any CPU = Debug|Any CPU
		Release|Any CPU = Release|Any CPU
	EndGlobalSection
	GlobalSection(ProjectConfigurationPlatforms) = postSolution
		{BD58F999-F170-4497-8C3D-BE2763F3ED55}.Debug|Any CPU.ActiveCfg = Debug|Any CPU
		{BD58F999-F170-4497-8C3D-BE2763F3ED55}.Debug|Any CPU.Build.0 = Debug|Any CPU
		{BD58F999-F170-4497-8C3D-BE2763F3ED55}.Release|Any CPU.ActiveCfg = Release|Any CPU
		{BD58F999-F170-4497-8C3D-BE2763F3ED55}.Release|Any CPU.Build.0 = Release|Any CPU
		{A998A4A3-0EE8-4F67-8C84-80836129889E}.Debug|Any CPU.ActiveCfg = Debug|Any CPU
		{A998A4A3-0EE8-4F67-8C84-80836129889E}.Debug|Any CPU.Build.0 = Debug|Any CPU
		{A998A4A3-0EE8-4F67-8C84-80836129889E}.Release|Any CPU.ActiveCfg = Release|Any CPU
		{A998A4A3-0EE8-4F67-8C84-80836129889E}.Release|Any CPU.Build.0 = Release|Any CPU
	EndGlobalSection
	GlobalSection(SolutionProperties) = preSolution
		HideSolutionNode = FALSE
	EndGlobalSection
	GlobalSection(ExtensibilityGlobals) = postSolution
		SolutionGuid = {CA74F896-9268-4C89-9D24-322C9016CDB9}
	EndGlobalSection
EndGlobal
